
Microsoft Visual Studio Solution File, Format Version 12.00
# Visual Studio Version 17
VisualStudioVersion = 17.13.35507.96 d17.13
MinimumVisualStudioVersion = 10.0.40219.1
Project("{8BC9CEB8-8B4A-11D0-8D11-00A0C91BC942}") = "Project1", "Project1.vcxproj", "{661AB45A-0BB2-4865-88BA-77A241A53690}"
EndProject
Global
	GlobalSection(SolutionConfigurationPlatforms) = preSolution
		Debug|x64 = Debug|x64
		Debug|x86 = Debug|x86
		Release|x64 = Release|x64
		Release|x86 = Release|x86
	EndGlobalSection
	GlobalSection(ProjectConfigurationPlatforms) = postSolution
		{661AB45A-0BB2-4865-88BA-77A241A53690}.Debug|x64.ActiveCfg = Debug|x64
		{661AB45A-0BB2-4865-88BA-77A241A53690}.Debug|x64.Build.0 = Debug|x64
		{661AB45A-0BB2-4865-88BA-77A241A53690}.Debug|x86.ActiveCfg = Debug|Win32
		{661AB45A-0BB2-4865-88BA-77A241A53690}.Debug|x86.Build.0 = Debug|Win32
		{661AB45A-0BB2-4865-88BA-77A241A53690}.Release|x64.ActiveCfg = Release|x64
		{661AB45A-0BB2-4865-88BA-77A241A53690}.Release|x64.Build.0 = Release|x64
		{661AB45A-0BB2-4865-88BA-77A241A53690}.Release|x86.ActiveCfg = Release|Win32
		{661AB45A-0BB2-4865-88BA-77A241A53690}.Release|x86.Build.0 = Release|Win32
	EndGlobalSection
	GlobalSection(SolutionProperties) = preSolution
		HideSolutionNode = FALSE
	EndGlobalSection
	GlobalSection(ExtensibilityGlobals) = postSolution
		SolutionGuid = {2F43C2DD-3D63-4106-8631-C664E80E6AF7}
	EndGlobalSection
EndGlobal
